// !$*UTF8*$!
{
	archiveVersion = 1;
	classes = {
	};
	objectVersion = 50;
	objects = {

/* Begin PBXBuildFile section */
		84675EF623ECAFBC00FA999D /* AppDelegate.swift in Sources */ = {isa = PBXBuildFile; fileRef = 84675EF523ECAFBC00FA999D /* AppDelegate.swift */; };
		84675EF823ECAFBC00FA999D /* SceneDelegate.swift in Sources */ = {isa = PBXBuildFile; fileRef = 84675EF723ECAFBC00FA999D /* SceneDelegate.swift */; };
		84675EFA23ECAFBC00FA999D /* ViewController.swift in Sources */ = {isa = PBXBuildFile; fileRef = 84675EF923ECAFBC00FA999D /* ViewController.swift */; };
		84675EFD23ECAFBC00FA999D /* Main.storyboard in Resources */ = {isa = PBXBuildFile; fileRef = 84675EFB23ECAFBC00FA999D /* Main.storyboard */; };
		84675EFF23ECAFBE00FA999D /* Assets.xcassets in Resources */ = {isa = PBXBuildFile; fileRef = 84675EFE23ECAFBE00FA999D /* Assets.xcassets */; };
		84675F0223ECAFBE00FA999D /* LaunchScreen.storyboard in Resources */ = {isa = PBXBuildFile; fileRef = 84675F0023ECAFBE00FA999D /* LaunchScreen.storyboard */; };
/* End PBXBuildFile section */

/* Begin PBXFileReference section */
		84675EF223ECAFBC00FA999D /* SystemViewControllers.app */ = {isa = PBXFileReference; explicitFileType = wrapper.application; includeInIndex = 0; path = SystemViewControllers.app; sourceTree = BUILT_PRODUCTS_DIR; };
		84675EF523ECAFBC00FA999D /* AppDelegate.swift */ = {isa = PBXFileReference; lastKnownFileType = sourcecode.swift; path = AppDelegate.swift; sourceTree = "<group>"; };
		84675EF723ECAFBC00FA999D /* SceneDelegate.swift */ = {isa = PBXFileReference; lastKnownFileType = sourcecode.swift; path = SceneDelegate.swift; sourceTree = "<group>"; };
		84675EF923ECAFBC00FA999D /* ViewController.swift */ = {isa = PBXFileReference; lastKnownFileType = sourcecode.swift; path = ViewController.swift; sourceTree = "<group>"; };
		84675EFC23ECAFBC00FA999D /* Base */ = {isa = PBXFileReference; lastKnownFileType = file.storyboard; name = Base; path = Base.lproj/Main.storyboard; sourceTree = "<group>"; };
		84675EFE23ECAFBE00FA999D /* Assets.xcassets */ = {isa = PBXFileReference; lastKnownFileType = folder.assetcatalog; path = Assets.xcassets; sourceTree = "<group>"; };
		84675F0123ECAFBE00FA999D /* Base */ = {isa = PBXFileReference; lastKnownFileType = file.storyboard; name = Base; path = Base.lproj/LaunchScreen.storyboard; sourceTree = "<group>"; };
		84675F0323ECAFBE00FA999D /* Info.plist */ = {isa = PBXFileReference; lastKnownFileType = text.plist.xml; path = Info.plist; sourceTree = "<group>"; };
/* End PBXFileReference section */

/* Begin PBXFrameworksBuildPhase section */
		84675EEF23ECAFBC00FA999D /* Frameworks */ = {
			isa = PBXFrameworksBuildPhase;
			buildActionMask = 2147483647;
			files = (
			);
			runOnlyForDeploymentPostprocessing = 0;
		};
/* End PBXFrameworksBuildPhase section */

/* Begin PBXGroup section */
		84675EE923ECAFBC00FA999D = {
			isa = PBXGroup;
			children = (
				84675EF423ECAFBC00FA999D /* SystemViewControllers */,
				84675EF323ECAFBC00FA999D /* Products */,
			);
			sourceTree = "<group>";
		};
		84675EF323ECAFBC00FA999D /* Products */ = {
			isa = PBXGroup;
			children = (
				84675EF223ECAFBC00FA999D /* SystemViewControllers.app */,
			);
			name = Products;
			sourceTree = "<group>";
		};
		84675EF423ECAFBC00FA999D /* SystemViewControllers */ = {
			isa = PBXGroup;
			children = (
				84675EF523ECAFBC00FA999D /* AppDelegate.swift */,
				84675EF723ECAFBC00FA999D /* SceneDelegate.swift */,
				84675EF923ECAFBC00FA999D /* ViewController.swift */,
				84675EFB23ECAFBC00FA999D /* Main.storyboard */,
				84675EFE23ECAFBE00FA999D /* Assets.xcassets */,
				84675F0023ECAFBE00FA999D /* LaunchScreen.storyboard */,
				84675F0323ECAFBE00FA999D /* Info.plist */,
			);
			path = SystemViewControllers;
			sourceTree = "<group>";
		};
/* End PBXGroup section */

/* Begin PBXNativeTarget section */
		84675EF123ECAFBC00FA999D /* SystemViewControllers */ = {
			isa = PBXNativeTarget;
			buildConfigurationList = 84675F0623ECAFBE00FA999D /* Build configuration list for PBXNativeTarget "SystemViewControllers" */;
			buildPhases = (
				84675EEE23ECAFBC00FA999D /* Sources */,
				84675EEF23ECAFBC00FA999D /* Frameworks */,
				84675EF023ECAFBC00FA999D /* Resources */,
			);
			buildRules = (
			);
			dependencies = (
			);
			name = SystemViewControllers;
			productName = SystemViewControllers;
			productReference = 84675EF223ECAFBC00FA999D /* SystemViewControllers.app */;
			productType = "com.apple.product-type.application";
		};
/* End PBXNativeTarget section */

/* Begin PBXProject section */
		84675EEA23ECAFBC00FA999D /* Project object */ = {
			isa = PBXProject;
			attributes = {
				LastSwiftUpdateCheck = 1120;
				LastUpgradeCheck = 1120;
				ORGANIZATIONNAME = "Роман Гах";
				TargetAttributes = {
					84675EF123ECAFBC00FA999D = {
						CreatedOnToolsVersion = 11.2.1;
					};
				};
			};
			buildConfigurationList = 84675EED23ECAFBC00FA999D /* Build configuration list for PBXProject "SystemViewControllers" */;
			compatibilityVersion = "Xcode 9.3";
			developmentRegion = en;
			hasScannedForEncodings = 0;
			knownRegions = (
				en,
				Base,
			);
			mainGroup = 84675EE923ECAFBC00FA999D;
			productRefGroup = 84675EF323ECAFBC00FA999D /* Products */;
			projectDirPath = "";
			projectRoot = "";
			targets = (
				84675EF123ECAFBC00FA999D /* SystemViewControllers */,
			);
		};
/* End PBXProject section */

/* Begin PBXResourcesBuildPhase section */
		84675EF023ECAFBC00FA999D /* Resources */ = {
			isa = PBXResourcesBuildPhase;
			buildActionMask = 2147483647;
			files = (
				84675F0223ECAFBE00FA999D /* LaunchScreen.storyboard in Resources */,
				84675EFF23ECAFBE00FA999D /* Assets.xcassets in Resources */,
				84675EFD23ECAFBC00FA999D /* Main.storyboard in Resources */,
			);
			runOnlyForDeploymentPostprocessing = 0;
		};
/* End PBXResourcesBuildPhase section */

/* Begin PBXSourcesBuildPhase section */
		84675EEE23ECAFBC00FA999D /* Sources */ = {
			isa = PBXSourcesBuildPhase;
			buildActionMask = 2147483647;
			files = (
				84675EFA23ECAFBC00FA999D /* ViewController.swift in Sources */,
				84675EF623ECAFBC00FA999D /* AppDelegate.swift in Sources */,
				84675EF823ECAFBC00FA999D /* SceneDelegate.swift in Sources */,
			);
			runOnlyForDeploymentPostprocessing = 0;
		};
/* End PBXSourcesBuildPhase section */

/* Begin PBXVariantGroup section */
		84675EFB23ECAFBC00FA999D /* Main.storyboard */ = {
			isa = PBXVariantGroup;
			children = (
				84675EFC23ECAFBC00FA999D /* Base */,
			);
			name = Main.storyboard;
			sourceTree = "<group>";
		};
		84675F0023ECAFBE00FA999D /* LaunchScreen.storyboard */ = {
			isa = PBXVariantGroup;
			children = (
				84675F0123ECAFBE00FA999D /* Base */,
			);
			name = LaunchScreen.storyboard;
			sourceTree = "<group>";
		};
/* End PBXVariantGroup section */

/* Begin XCBuildConfiguration section */
		84675F0423ECAFBE00FA999D /* Debug */ = {
			isa = XCBuildConfiguration;
			buildSettings = {
				ALWAYS_SEARCH_USER_PATHS = NO;
				CLANG_ANALYZER_NONNULL = YES;
				CLANG_ANALYZER_NUMBER_OBJECT_CONVERSION = YES_AGGRESSIVE;
				CLANG_CXX_LANGUAGE_STANDARD = "gnu++14";
				CLANG_CXX_LIBRARY = "libc++";
				CLANG_ENABLE_MODULES = YES;
				CLANG_ENABLE_OBJC_ARC = YES;
				CLANG_ENABLE_OBJC_WEAK = YES;
				CLANG_WARN_BLOCK_CAPTURE_AUTORELEASING = YES;
				CLANG_WARN_BOOL_CONVERSION = YES;
				CLANG_WARN_COMMA = YES;
				CLANG_WARN_CONSTANT_CONVERSION = YES;
				CLANG_WARN_DEPRECATED_OBJC_IMPLEMENTATIONS = YES;
				CLANG_WARN_DIRECT_OBJC_ISA_USAGE = YES_ERROR;
				CLANG_WARN_DOCUMENTATION_COMMENTS = YES;
				CLANG_WARN_EMPTY_BODY = YES;
				CLANG_WARN_ENUM_CONVERSION = YES;
				CLANG_WARN_INFINITE_RECURSION = YES;
				CLANG_WARN_INT_CONVERSION = YES;
				CLANG_WARN_NON_LITERAL_NULL_CONVERSION = YES;
				CLANG_WARN_OBJC_IMPLICIT_RETAIN_SELF = YES;
				CLANG_WARN_OBJC_LITERAL_CONVERSION = YES;
				CLANG_WARN_OBJC_ROOT_CLASS = YES_ERROR;
				CLANG_WARN_RANGE_LOOP_ANALYSIS = YES;
				CLANG_WARN_STRICT_PROTOTYPES = YES;
				CLANG_WARN_SUSPICIOUS_MOVE = YES;
				CLANG_WARN_UNGUARDED_AVAILABILITY = YES_AGGRESSIVE;
				CLANG_WARN_UNREACHABLE_CODE = YES;
				CLANG_WARN__DUPLICATE_METHOD_MATCH = YES;
				COPY_PHASE_STRIP = NO;
				DEBUG_INFORMATION_FORMAT = dwarf;
				ENABLE_STRICT_OBJC_MSGSEND = YES;
				ENABLE_TESTABILITY = YES;
				GCC_C_LANGUAGE_STANDARD = gnu11;
				GCC_DYNAMIC_NO_PIC = NO;
				GCC_NO_COMMON_BLOCKS = YES;
				GCC_OPTIMIZATION_LEVEL = 0;
				GCC_PREPROCESSOR_DEFINITIONS = (
					"DEBUG=1",
					"$(inherited)",
				);
				GCC_WARN_64_TO_32_BIT_CONVERSION = YES;
				GCC_WARN_ABOUT_RETURN_TYPE = YES_ERROR;
				GCC_WARN_UNDECLARED_SELECTOR = YES;
				GCC_WARN_UNINITIALIZED_AUTOS = YES_AGGRESSIVE;
				GCC_WARN_UNUSED_FUNCTION = YES;
				GCC_WARN_UNUSED_VARIABLE = YES;
				IPHONEOS_DEPLOYMENT_TARGET = 13.2;
				MTL_ENABLE_DEBUG_INFO = INCLUDE_SOURCE;
				MTL_FAST_MATH = YES;
				ONLY_ACTIVE_ARCH = YES;
				SDKROOT = iphoneos;
				SWIFT_ACTIVE_COMPILATION_CONDITIONS = DEBUG;
				SWIFT_OPTIMIZATION_LEVEL = "-Onone";
			};
			name = Debug;
		};
		84675F0523ECAFBE00FA999D /* Release */ = {
			isa = XCBuildConfiguration;
			buildSettings = {
				ALWAYS_SEARCH_USER_PATHS = NO;
				CLANG_ANALYZER_NONNULL = YES;
				CLANG_ANALYZER_NUMBER_OBJECT_CONVERSION = YES_AGGRESSIVE;
				CLANG_CXX_LANGUAGE_STANDARD = "gnu++14";
				CLANG_CXX_LIBRARY = "libc++";
				CLANG_ENABLE_MODULES = YES;
				CLANG_ENABLE_OBJC_ARC = YES;
				CLANG_ENABLE_OBJC_WEAK = YES;
				CLANG_WARN_BLOCK_CAPTURE_AUTORELEASING = YES;
				CLANG_WARN_BOOL_CONVERSION = YES;
				CLANG_WARN_COMMA = YES;
				CLANG_WARN_CONSTANT_CONVERSION = YES;
				CLANG_WARN_DEPRECATED_OBJC_IMPLEMENTATIONS = YES;
				CLANG_WARN_DIRECT_OBJC_ISA_USAGE = YES_ERROR;
				CLANG_WARN_DOCUMENTATION_COMMENTS = YES;
				CLANG_WARN_EMPTY_BODY = YES;
				CLANG_WARN_ENUM_CONVERSION = YES;
				CLANG_WARN_INFINITE_RECURSION = YES;
				CLANG_WARN_INT_CONVERSION = YES;
				CLANG_WARN_NON_LITERAL_NULL_CONVERSION = YES;
				CLANG_WARN_OBJC_IMPLICIT_RETAIN_SELF = YES;
				CLANG_WARN_OBJC_LITERAL_CONVERSION = YES;
				CLANG_WARN_OBJC_ROOT_CLASS = YES_ERROR;
				CLANG_WARN_RANGE_LOOP_ANALYSIS = YES;
				CLANG_WARN_STRICT_PROTOTYPES = YES;
				CLANG_WARN_SUSPICIOUS_MOVE = YES;
				CLANG_WARN_UNGUARDED_AVAILABILITY = YES_AGGRESSIVE;
				CLANG_WARN_UNREACHABLE_CODE = YES;
				CLANG_WARN__DUPLICATE_METHOD_MATCH = YES;
				COPY_PHASE_STRIP = NO;
				DEBUG_INFORMATION_FORMAT = "dwarf-with-dsym";
				ENABLE_NS_ASSERTIONS = NO;
				ENABLE_STRICT_OBJC_MSGSEND = YES;
				GCC_C_LANGUAGE_STANDARD = gnu11;
				GCC_NO_COMMON_BLOCKS = YES;
				GCC_WARN_64_TO_32_BIT_CONVERSION = YES;
				GCC_WARN_ABOUT_RETURN_TYPE = YES_ERROR;
				GCC_WARN_UNDECLARED_SELECTOR = YES;
				GCC_WARN_UNINITIALIZED_AUTOS = YES_AGGRESSIVE;
				GCC_WARN_UNUSED_FUNCTION = YES;
				GCC_WARN_UNUSED_VARIABLE = YES;
				IPHONEOS_DEPLOYMENT_TARGET = 13.2;
				MTL_ENABLE_DEBUG_INFO = NO;
				MTL_FAST_MATH = YES;
				SDKROOT = iphoneos;
				SWIFT_COMPILATION_MODE = wholemodule;
				SWIFT_OPTIMIZATION_LEVEL = "-O";
				VALIDATE_PRODUCT = YES;
			};
			name = Release;
		};
		84675F0723ECAFBE00FA999D /* Debug */ = {
			isa = XCBuildConfiguration;
			buildSettings = {
				ASSETCATALOG_COMPILER_APPICON_NAME = AppIcon;
				CODE_SIGN_STYLE = Automatic;
				DEVELOPMENT_TEAM = UCK9XA9P4C;
				INFOPLIST_FILE = SystemViewControllers/Info.plist;
				LD_RUNPATH_SEARCH_PATHS = (
					"$(inherited)",
					"@executable_path/Frameworks",
				);
				PRODUCT_BUNDLE_IDENTIFIER = com.rhakh.SystemViewControllers;
				PRODUCT_NAME = "$(TARGET_NAME)";
				SWIFT_VERSION = 5.0;
				TARGETED_DEVICE_FAMILY = "1,2";
			};
			name = Debug;
		};
		84675F0823ECAFBE00FA999D /* Release */ = {
			isa = XCBuildConfiguration;
			buildSettings = {
				ASSETCATALOG_COMPILER_APPICON_NAME = AppIcon;
				CODE_SIGN_STYLE = Automatic;
				DEVELOPMENT_TEAM = UCK9XA9P4C;
				INFOPLIST_FILE = SystemViewControllers/Info.plist;
				LD_RUNPATH_SEARCH_PATHS = (
					"$(inherited)",
					"@executable_path/Frameworks",
				);
				PRODUCT_BUNDLE_IDENTIFIER = com.rhakh.SystemViewControllers;
				PRODUCT_NAME = "$(TARGET_NAME)";
				SWIFT_VERSION = 5.0;
				TARGETED_DEVICE_FAMILY = "1,2";
			};
			name = Release;
		};
/* End XCBuildConfiguration section */

/* Begin XCConfigurationList section */
		84675EED23ECAFBC00FA999D /* Build configuration list for PBXProject "SystemViewControllers" */ = {
			isa = XCConfigurationList;
			buildConfigurations = (
				84675F0423ECAFBE00FA999D /* Debug */,
				84675F0523ECAFBE00FA999D /* Release */,
			);
			defaultConfigurationIsVisible = 0;
			defaultConfigurationName = Release;
		};
		84675F0623ECAFBE00FA999D /* Build configuration list for PBXNativeTarget "SystemViewControllers" */ = {
			isa = XCConfigurationList;
			buildConfigurations = (
				84675F0723ECAFBE00FA999D /* Debug */,
				84675F0823ECAFBE00FA999D /* Release */,
			);
			defaultConfigurationIsVisible = 0;
			defaultConfigurationName = Release;
		};
/* End XCConfigurationList section */
	};
	rootObject = 84675EEA23ECAFBC00FA999D /* Project object */;
}
